
Microsoft Visual Studio Solution File, Format Version 12.00
# Visual Studio Version 16
VisualStudioVersion = 16.0.30804.86
MinimumVisualStudioVersion = 10.0.40219.1
Project("{FAE04EC0-301F-11D3-BF4B-00C04F79EFBC}") = "SocialNetworkSite", "SocialNetworkSite\SocialNetworkSite.csproj", "{01117DCD-D1DB-4E81-9957-39D3266AEF61}"
EndProject
Global
	GlobalSection(SolutionConfigurationPlatforms) = preSolution
		Debug|Any CPU = Debug|Any CPU
		Release|Any CPU = Release|Any CPU
	EndGlobalSection
	GlobalSection(ProjectConfigurationPlatforms) = postSolution
		{01117DCD-D1DB-4E81-9957-39D3266AEF61}.Debug|Any CPU.ActiveCfg = Debug|Any CPU
		{01117DCD-D1DB-4E81-9957-39D3266AEF61}.Debug|Any CPU.Build.0 = Debug|Any CPU
		{01117DCD-D1DB-4E81-9957-39D3266AEF61}.Release|Any CPU.ActiveCfg = Release|Any CPU
		{01117DCD-D1DB-4E81-9957-39D3266AEF61}.Release|Any CPU.Build.0 = Release|Any CPU
	EndGlobalSection
	GlobalSection(SolutionProperties) = preSolution
		HideSolutionNode = FALSE
	EndGlobalSection
	GlobalSection(ExtensibilityGlobals) = postSolution
		SolutionGuid = {D9EA8560-EB8F-4EB7-9CD8-4F62A8DD7692}
	EndGlobalSection
EndGlobal
